
Microsoft Visual Studio Solution File, Format Version 12.00
# Visual Studio 15
VisualStudioVersion = 15.0.27703.2026
MinimumVisualStudioVersion = 10.0.40219.1
Project("{9A19103F-16F7-4668-BE54-9A1E7A4F7556}") = "GradeSchool", "GradeSchool.csproj", "{09F03C00-A705-451C-A5F7-6B1A086CDED1}"
EndProject
Global
	GlobalSection(SolutionConfigurationPlatforms) = preSolution
		Debug|Any CPU = Debug|Any CPU
		Release|Any CPU = Release|Any CPU
	EndGlobalSection
	GlobalSection(ProjectConfigurationPlatforms) = postSolution
		{09F03C00-A705-451C-A5F7-6B1A086CDED1}.Debug|Any CPU.ActiveCfg = Debug|Any CPU
		{09F03C00-A705-451C-A5F7-6B1A086CDED1}.Debug|Any CPU.Build.0 = Debug|Any CPU
		{09F03C00-A705-451C-A5F7-6B1A086CDED1}.Release|Any CPU.ActiveCfg = Release|Any CPU
		{09F03C00-A705-451C-A5F7-6B1A086CDED1}.Release|Any CPU.Build.0 = Release|Any CPU
	EndGlobalSection
	GlobalSection(SolutionProperties) = preSolution
		HideSolutionNode = FALSE
	EndGlobalSection
	GlobalSection(ExtensibilityGlobals) = postSolution
		SolutionGuid = {B2A2E1BF-B50A-4C4B-BC53-413421887D25}
	EndGlobalSection
EndGlobal
