
Microsoft Visual Studio Solution File, Format Version 12.00
# Visual Studio 15
VisualStudioVersion = 15.0.27703.2026
MinimumVisualStudioVersion = 10.0.40219.1
Project("{9A19103F-16F7-4668-BE54-9A1E7A4F7556}") = "Raindrops", "Raindrops.csproj", "{F2898B0B-3561-40F5-8E73-02D263B2FD71}"
EndProject
Global
	GlobalSection(SolutionConfigurationPlatforms) = preSolution
		Debug|Any CPU = Debug|Any CPU
		Release|Any CPU = Release|Any CPU
	EndGlobalSection
	GlobalSection(ProjectConfigurationPlatforms) = postSolution
		{F2898B0B-3561-40F5-8E73-02D263B2FD71}.Debug|Any CPU.ActiveCfg = Debug|Any CPU
		{F2898B0B-3561-40F5-8E73-02D263B2FD71}.Debug|Any CPU.Build.0 = Debug|Any CPU
		{F2898B0B-3561-40F5-8E73-02D263B2FD71}.Release|Any CPU.ActiveCfg = Release|Any CPU
		{F2898B0B-3561-40F5-8E73-02D263B2FD71}.Release|Any CPU.Build.0 = Release|Any CPU
	EndGlobalSection
	GlobalSection(SolutionProperties) = preSolution
		HideSolutionNode = FALSE
	EndGlobalSection
	GlobalSection(ExtensibilityGlobals) = postSolution
		SolutionGuid = {F7B39ACC-3D0F-403C-896D-BCDAEE62EDEA}
	EndGlobalSection
EndGlobal
