
Microsoft Visual Studio Solution File, Format Version 12.00
# Visual Studio 15
VisualStudioVersion = 15.0.27703.2026
MinimumVisualStudioVersion = 10.0.40219.1
Project("{9A19103F-16F7-4668-BE54-9A1E7A4F7556}") = "ArmstrongNumbers", "ArmstrongNumbers.csproj", "{12E65914-EB7C-450A-BD1F-46D7737776CA}"
EndProject
Global
	GlobalSection(SolutionConfigurationPlatforms) = preSolution
		Debug|Any CPU = Debug|Any CPU
		Release|Any CPU = Release|Any CPU
	EndGlobalSection
	GlobalSection(ProjectConfigurationPlatforms) = postSolution
		{12E65914-EB7C-450A-BD1F-46D7737776CA}.Debug|Any CPU.ActiveCfg = Debug|Any CPU
		{12E65914-EB7C-450A-BD1F-46D7737776CA}.Debug|Any CPU.Build.0 = Debug|Any CPU
		{12E65914-EB7C-450A-BD1F-46D7737776CA}.Release|Any CPU.ActiveCfg = Release|Any CPU
		{12E65914-EB7C-450A-BD1F-46D7737776CA}.Release|Any CPU.Build.0 = Release|Any CPU
	EndGlobalSection
	GlobalSection(SolutionProperties) = preSolution
		HideSolutionNode = FALSE
	EndGlobalSection
	GlobalSection(ExtensibilityGlobals) = postSolution
		SolutionGuid = {858580A3-66FF-4D84-ABB1-F87A057AD3BA}
	EndGlobalSection
EndGlobal
