
Microsoft Visual Studio Solution File, Format Version 12.00
# Visual Studio 15
VisualStudioVersion = 15.0.27703.2026
MinimumVisualStudioVersion = 10.0.40219.1
Project("{9A19103F-16F7-4668-BE54-9A1E7A4F7556}") = "BinarySearch", "BinarySearch.csproj", "{FA9710B2-66EB-4CC3-BEF2-0BBCCB4930A7}"
EndProject
Global
	GlobalSection(SolutionConfigurationPlatforms) = preSolution
		Debug|Any CPU = Debug|Any CPU
		Release|Any CPU = Release|Any CPU
	EndGlobalSection
	GlobalSection(ProjectConfigurationPlatforms) = postSolution
		{FA9710B2-66EB-4CC3-BEF2-0BBCCB4930A7}.Debug|Any CPU.ActiveCfg = Debug|Any CPU
		{FA9710B2-66EB-4CC3-BEF2-0BBCCB4930A7}.Debug|Any CPU.Build.0 = Debug|Any CPU
		{FA9710B2-66EB-4CC3-BEF2-0BBCCB4930A7}.Release|Any CPU.ActiveCfg = Release|Any CPU
		{FA9710B2-66EB-4CC3-BEF2-0BBCCB4930A7}.Release|Any CPU.Build.0 = Release|Any CPU
	EndGlobalSection
	GlobalSection(SolutionProperties) = preSolution
		HideSolutionNode = FALSE
	EndGlobalSection
	GlobalSection(ExtensibilityGlobals) = postSolution
		SolutionGuid = {DC0C8CB6-27FB-46AF-936A-674E14798E03}
	EndGlobalSection
EndGlobal
